
Microsoft Visual Studio Solution File, Format Version 12.00
# Visual Studio 15
Project("{FAE04EC0-301F-11D3-BF4B-00C04F79EFBC}") = "Assembly-CSharp", "Assembly-CSharp.csproj", "{2ED93DE1-BA7B-D026-ABC6-16CAFADFB48D}"
EndProject
Project("{FAE04EC0-301F-11D3-BF4B-00C04F79EFBC}") = "Assembly-CSharp-Editor", "Assembly-CSharp-Editor.csproj", "{CD56C061-D3D9-787C-B916-F384FC867573}"
EndProject
Global
	GlobalSection(SolutionConfigurationPlatforms) = preSolution
		Debug|Any CPU = Debug|Any CPU
		Release|Any CPU = Release|Any CPU
	EndGlobalSection
	GlobalSection(ProjectConfigurationPlatforms) = postSolution
		{2ED93DE1-BA7B-D026-ABC6-16CAFADFB48D}.Debug|Any CPU.ActiveCfg = Debug|Any CPU
		{2ED93DE1-BA7B-D026-ABC6-16CAFADFB48D}.Debug|Any CPU.Build.0 = Debug|Any CPU
		{2ED93DE1-BA7B-D026-ABC6-16CAFADFB48D}.Release|Any CPU.ActiveCfg = Release|Any CPU
		{2ED93DE1-BA7B-D026-ABC6-16CAFADFB48D}.Release|Any CPU.Build.0 = Release|Any CPU
		{CD56C061-D3D9-787C-B916-F384FC867573}.Debug|Any CPU.ActiveCfg = Debug|Any CPU
		{CD56C061-D3D9-787C-B916-F384FC867573}.Debug|Any CPU.Build.0 = Debug|Any CPU
		{CD56C061-D3D9-787C-B916-F384FC867573}.Release|Any CPU.ActiveCfg = Release|Any CPU
		{CD56C061-D3D9-787C-B916-F384FC867573}.Release|Any CPU.Build.0 = Release|Any CPU
	EndGlobalSection
	GlobalSection(SolutionProperties) = preSolution
		HideSolutionNode = FALSE
	EndGlobalSection
EndGlobal
